// !$*UTF8*$!
{
	archiveVersion = 1;
	classes = {
	};
	objectVersion = 46;
	objects = {

/* Begin PBXBuildFile section */
		01CD4D0C446FBFAA19EC0BD8 /* Pods_githubberUITests.framework in Frameworks */ = {isa = PBXBuildFile; fileRef = D33F91B85F9289E531364B86 /* Pods_githubberUITests.framework */; };
		1321621F1DC276040006F77E /* AppDelegate.swift in Sources */ = {isa = PBXBuildFile; fileRef = 1321621E1DC276040006F77E /* AppDelegate.swift */; };
		132162241DC276040006F77E /* Main.storyboard in Resources */ = {isa = PBXBuildFile; fileRef = 132162221DC276040006F77E /* Main.storyboard */; };
		132162261DC276040006F77E /* Assets.xcassets in Resources */ = {isa = PBXBuildFile; fileRef = 132162251DC276040006F77E /* Assets.xcassets */; };
		132162291DC276040006F77E /* LaunchScreen.storyboard in Resources */ = {isa = PBXBuildFile; fileRef = 132162271DC276040006F77E /* LaunchScreen.storyboard */; };
		132162341DC276040006F77E /* githubberTests.swift in Sources */ = {isa = PBXBuildFile; fileRef = 132162331DC276040006F77E /* githubberTests.swift */; };
		1321623F1DC276040006F77E /* githubberUITests.swift in Sources */ = {isa = PBXBuildFile; fileRef = 1321623E1DC276040006F77E /* githubberUITests.swift */; };
		13DA5CFD1DC27907004FE0EA /* GitHubObject.swift in Sources */ = {isa = PBXBuildFile; fileRef = 13DA5CFC1DC27907004FE0EA /* GitHubObject.swift */; };
		13DA5CFF1DC2793C004FE0EA /* Request.swift in Sources */ = {isa = PBXBuildFile; fileRef = 13DA5CFE1DC2793C004FE0EA /* Request.swift */; };
		13DA5D021DC279BA004FE0EA /* AbstractViewController.swift in Sources */ = {isa = PBXBuildFile; fileRef = 13DA5D011DC279BA004FE0EA /* AbstractViewController.swift */; };
		13DA5D061DC27A9D004FE0EA /* HTTPClient.swift in Sources */ = {isa = PBXBuildFile; fileRef = 13DA5D051DC27A9D004FE0EA /* HTTPClient.swift */; };
		13DA5D081DC27B04004FE0EA /* SearchRequest.swift in Sources */ = {isa = PBXBuildFile; fileRef = 13DA5D071DC27B04004FE0EA /* SearchRequest.swift */; };
		13DA5D0A1DC27BF3004FE0EA /* SearchUserRequest.swift in Sources */ = {isa = PBXBuildFile; fileRef = 13DA5D091DC27BF3004FE0EA /* SearchUserRequest.swift */; };
		13DA5D0C1DC27D1E004FE0EA /* SearchRepositoryRequest.swift in Sources */ = {isa = PBXBuildFile; fileRef = 13DA5D0B1DC27D1E004FE0EA /* SearchRepositoryRequest.swift */; };
		13DA5D0E1DC28133004FE0EA /* User.swift in Sources */ = {isa = PBXBuildFile; fileRef = 13DA5D0D1DC28133004FE0EA /* User.swift */; };
		13DFD1E91DC290E0004A8C0A /* GitHubEndpointConfiguration.swift in Sources */ = {isa = PBXBuildFile; fileRef = 13DFD1E81DC290E0004A8C0A /* GitHubEndpointConfiguration.swift */; };
		13DFD1EB1DC291A1004A8C0A /* EndpointConfiguration.swift in Sources */ = {isa = PBXBuildFile; fileRef = 13DFD1EA1DC291A1004A8C0A /* EndpointConfiguration.swift */; };
		5417133E7B0AB07892AB7CAC /* Pods_githubberTests.framework in Frameworks */ = {isa = PBXBuildFile; fileRef = 2BB099887068E8EC1A0AE453 /* Pods_githubberTests.framework */; };
		A2CA570F9DA134CBA3319FE6 /* Pods_githubber.framework in Frameworks */ = {isa = PBXBuildFile; fileRef = CF607FE3C424B90385017A07 /* Pods_githubber.framework */; };
/* End PBXBuildFile section */

/* Begin PBXContainerItemProxy section */
		132162301DC276040006F77E /* PBXContainerItemProxy */ = {
			isa = PBXContainerItemProxy;
			containerPortal = 132162131DC276030006F77E /* Project object */;
			proxyType = 1;
			remoteGlobalIDString = 1321621A1DC276040006F77E;
			remoteInfo = githubber;
		};
		1321623B1DC276040006F77E /* PBXContainerItemProxy */ = {
			isa = PBXContainerItemProxy;
			containerPortal = 132162131DC276030006F77E /* Project object */;
			proxyType = 1;
			remoteGlobalIDString = 1321621A1DC276040006F77E;
			remoteInfo = githubber;
		};
/* End PBXContainerItemProxy section */

/* Begin PBXFileReference section */
		1321621B1DC276040006F77E /* githubber.app */ = {isa = PBXFileReference; explicitFileType = wrapper.application; includeInIndex = 0; path = githubber.app; sourceTree = BUILT_PRODUCTS_DIR; };
		1321621E1DC276040006F77E /* AppDelegate.swift */ = {isa = PBXFileReference; lastKnownFileType = sourcecode.swift; path = AppDelegate.swift; sourceTree = "<group>"; };
		132162231DC276040006F77E /* Base */ = {isa = PBXFileReference; lastKnownFileType = file.storyboard; name = Base; path = Base.lproj/Main.storyboard; sourceTree = "<group>"; };
		132162251DC276040006F77E /* Assets.xcassets */ = {isa = PBXFileReference; lastKnownFileType = folder.assetcatalog; path = Assets.xcassets; sourceTree = "<group>"; };
		132162281DC276040006F77E /* Base */ = {isa = PBXFileReference; lastKnownFileType = file.storyboard; name = Base; path = Base.lproj/LaunchScreen.storyboard; sourceTree = "<group>"; };
		1321622A1DC276040006F77E /* Info.plist */ = {isa = PBXFileReference; lastKnownFileType = text.plist.xml; path = Info.plist; sourceTree = "<group>"; };
		1321622F1DC276040006F77E /* githubberTests.xctest */ = {isa = PBXFileReference; explicitFileType = wrapper.cfbundle; includeInIndex = 0; path = githubberTests.xctest; sourceTree = BUILT_PRODUCTS_DIR; };
		132162331DC276040006F77E /* githubberTests.swift */ = {isa = PBXFileReference; lastKnownFileType = sourcecode.swift; path = githubberTests.swift; sourceTree = "<group>"; };
		132162351DC276040006F77E /* Info.plist */ = {isa = PBXFileReference; lastKnownFileType = text.plist.xml; path = Info.plist; sourceTree = "<group>"; };
		1321623A1DC276040006F77E /* githubberUITests.xctest */ = {isa = PBXFileReference; explicitFileType = wrapper.cfbundle; includeInIndex = 0; path = githubberUITests.xctest; sourceTree = BUILT_PRODUCTS_DIR; };
		1321623E1DC276040006F77E /* githubberUITests.swift */ = {isa = PBXFileReference; lastKnownFileType = sourcecode.swift; path = githubberUITests.swift; sourceTree = "<group>"; };
		132162401DC276040006F77E /* Info.plist */ = {isa = PBXFileReference; lastKnownFileType = text.plist.xml; path = Info.plist; sourceTree = "<group>"; };
		13DA5CFC1DC27907004FE0EA /* GitHubObject.swift */ = {isa = PBXFileReference; fileEncoding = 4; lastKnownFileType = sourcecode.swift; path = GitHubObject.swift; sourceTree = "<group>"; };
		13DA5CFE1DC2793C004FE0EA /* Request.swift */ = {isa = PBXFileReference; fileEncoding = 4; lastKnownFileType = sourcecode.swift; path = Request.swift; sourceTree = "<group>"; };
		13DA5D011DC279BA004FE0EA /* AbstractViewController.swift */ = {isa = PBXFileReference; fileEncoding = 4; lastKnownFileType = sourcecode.swift; path = AbstractViewController.swift; sourceTree = "<group>"; };
		13DA5D051DC27A9D004FE0EA /* HTTPClient.swift */ = {isa = PBXFileReference; fileEncoding = 4; lastKnownFileType = sourcecode.swift; path = HTTPClient.swift; sourceTree = "<group>"; };
		13DA5D071DC27B04004FE0EA /* SearchRequest.swift */ = {isa = PBXFileReference; fileEncoding = 4; lastKnownFileType = sourcecode.swift; path = SearchRequest.swift; sourceTree = "<group>"; };
		13DA5D091DC27BF3004FE0EA /* SearchUserRequest.swift */ = {isa = PBXFileReference; fileEncoding = 4; lastKnownFileType = sourcecode.swift; path = SearchUserRequest.swift; sourceTree = "<group>"; };
		13DA5D0B1DC27D1E004FE0EA /* SearchRepositoryRequest.swift */ = {isa = PBXFileReference; fileEncoding = 4; lastKnownFileType = sourcecode.swift; path = SearchRepositoryRequest.swift; sourceTree = "<group>"; };
		13DA5D0D1DC28133004FE0EA /* User.swift */ = {isa = PBXFileReference; fileEncoding = 4; lastKnownFileType = sourcecode.swift; path = User.swift; sourceTree = "<group>"; };
		13DFD1E81DC290E0004A8C0A /* GitHubEndpointConfiguration.swift */ = {isa = PBXFileReference; fileEncoding = 4; lastKnownFileType = sourcecode.swift; path = GitHubEndpointConfiguration.swift; sourceTree = "<group>"; };
		13DFD1EA1DC291A1004A8C0A /* EndpointConfiguration.swift */ = {isa = PBXFileReference; fileEncoding = 4; lastKnownFileType = sourcecode.swift; path = EndpointConfiguration.swift; sourceTree = "<group>"; };
		2BB099887068E8EC1A0AE453 /* Pods_githubberTests.framework */ = {isa = PBXFileReference; explicitFileType = wrapper.framework; includeInIndex = 0; path = Pods_githubberTests.framework; sourceTree = BUILT_PRODUCTS_DIR; };
		84FE50D00B7941A6B209AB72 /* Pods-githubberTests.release.xcconfig */ = {isa = PBXFileReference; includeInIndex = 1; lastKnownFileType = text.xcconfig; name = "Pods-githubberTests.release.xcconfig"; path = "Pods/Target Support Files/Pods-githubberTests/Pods-githubberTests.release.xcconfig"; sourceTree = "<group>"; };
		CF607FE3C424B90385017A07 /* Pods_githubber.framework */ = {isa = PBXFileReference; explicitFileType = wrapper.framework; includeInIndex = 0; path = Pods_githubber.framework; sourceTree = BUILT_PRODUCTS_DIR; };
		D33F91B85F9289E531364B86 /* Pods_githubberUITests.framework */ = {isa = PBXFileReference; explicitFileType = wrapper.framework; includeInIndex = 0; path = Pods_githubberUITests.framework; sourceTree = BUILT_PRODUCTS_DIR; };
		D8562024DF6CC14018FC62B0 /* Pods-githubberUITests.release.xcconfig */ = {isa = PBXFileReference; includeInIndex = 1; lastKnownFileType = text.xcconfig; name = "Pods-githubberUITests.release.xcconfig"; path = "Pods/Target Support Files/Pods-githubberUITests/Pods-githubberUITests.release.xcconfig"; sourceTree = "<group>"; };
		DE78D5192E9EB6622493740E /* Pods-githubber.debug.xcconfig */ = {isa = PBXFileReference; includeInIndex = 1; lastKnownFileType = text.xcconfig; name = "Pods-githubber.debug.xcconfig"; path = "Pods/Target Support Files/Pods-githubber/Pods-githubber.debug.xcconfig"; sourceTree = "<group>"; };
		E8B131425BB7A06EB3B5AD1B /* Pods-githubber.release.xcconfig */ = {isa = PBXFileReference; includeInIndex = 1; lastKnownFileType = text.xcconfig; name = "Pods-githubber.release.xcconfig"; path = "Pods/Target Support Files/Pods-githubber/Pods-githubber.release.xcconfig"; sourceTree = "<group>"; };
		EFCB5B367A15E6C3B2C4BD22 /* Pods-githubberTests.debug.xcconfig */ = {isa = PBXFileReference; includeInIndex = 1; lastKnownFileType = text.xcconfig; name = "Pods-githubberTests.debug.xcconfig"; path = "Pods/Target Support Files/Pods-githubberTests/Pods-githubberTests.debug.xcconfig"; sourceTree = "<group>"; };
		F2E61B55EF7511D0F51182A7 /* Pods-githubberUITests.debug.xcconfig */ = {isa = PBXFileReference; includeInIndex = 1; lastKnownFileType = text.xcconfig; name = "Pods-githubberUITests.debug.xcconfig"; path = "Pods/Target Support Files/Pods-githubberUITests/Pods-githubberUITests.debug.xcconfig"; sourceTree = "<group>"; };
/* End PBXFileReference section */

/* Begin PBXFrameworksBuildPhase section */
		132162181DC276040006F77E /* Frameworks */ = {
			isa = PBXFrameworksBuildPhase;
			buildActionMask = 2147483647;
			files = (
				A2CA570F9DA134CBA3319FE6 /* Pods_githubber.framework in Frameworks */,
			);
			runOnlyForDeploymentPostprocessing = 0;
		};
		1321622C1DC276040006F77E /* Frameworks */ = {
			isa = PBXFrameworksBuildPhase;
			buildActionMask = 2147483647;
			files = (
				5417133E7B0AB07892AB7CAC /* Pods_githubberTests.framework in Frameworks */,
			);
			runOnlyForDeploymentPostprocessing = 0;
		};
		132162371DC276040006F77E /* Frameworks */ = {
			isa = PBXFrameworksBuildPhase;
			buildActionMask = 2147483647;
			files = (
				01CD4D0C446FBFAA19EC0BD8 /* Pods_githubberUITests.framework in Frameworks */,
			);
			runOnlyForDeploymentPostprocessing = 0;
		};
/* End PBXFrameworksBuildPhase section */

/* Begin PBXGroup section */
		132162121DC276030006F77E = {
			isa = PBXGroup;
			children = (
				1321621D1DC276040006F77E /* githubber */,
				132162321DC276040006F77E /* githubberTests */,
				1321623D1DC276040006F77E /* githubberUITests */,
				1321621C1DC276040006F77E /* Products */,
				8CA51DC05B49E86164D56778 /* Pods */,
				70EF02863345097EB2C2A0E3 /* Frameworks */,
			);
			sourceTree = "<group>";
		};
		1321621C1DC276040006F77E /* Products */ = {
			isa = PBXGroup;
			children = (
				1321621B1DC276040006F77E /* githubber.app */,
				1321622F1DC276040006F77E /* githubberTests.xctest */,
				1321623A1DC276040006F77E /* githubberUITests.xctest */,
			);
			name = Products;
			sourceTree = "<group>";
		};
		1321621D1DC276040006F77E /* githubber */ = {
			isa = PBXGroup;
			children = (
				13DA5D001DC27996004FE0EA /* view */,
				13DA5CFB1DC278EA004FE0EA /* api */,
				13DA5CFA1DC278E4004FE0EA /* model */,
				1321621E1DC276040006F77E /* AppDelegate.swift */,
				132162251DC276040006F77E /* Assets.xcassets */,
				132162271DC276040006F77E /* LaunchScreen.storyboard */,
				1321622A1DC276040006F77E /* Info.plist */,
			);
			path = githubber;
			sourceTree = "<group>";
		};
		132162321DC276040006F77E /* githubberTests */ = {
			isa = PBXGroup;
			children = (
				132162331DC276040006F77E /* githubberTests.swift */,
				132162351DC276040006F77E /* Info.plist */,
			);
			path = githubberTests;
			sourceTree = "<group>";
		};
		1321623D1DC276040006F77E /* githubberUITests */ = {
			isa = PBXGroup;
			children = (
				1321623E1DC276040006F77E /* githubberUITests.swift */,
				132162401DC276040006F77E /* Info.plist */,
			);
			path = githubberUITests;
			sourceTree = "<group>";
		};
		13DA5CFA1DC278E4004FE0EA /* model */ = {
			isa = PBXGroup;
			children = (
				13DA5CFC1DC27907004FE0EA /* GitHubObject.swift */,
				13DA5D0D1DC28133004FE0EA /* User.swift */,
			);
			path = model;
			sourceTree = "<group>";
		};
		13DA5CFB1DC278EA004FE0EA /* api */ = {
			isa = PBXGroup;
			children = (
				13DA5D051DC27A9D004FE0EA /* HTTPClient.swift */,
				13DFD1EA1DC291A1004A8C0A /* EndpointConfiguration.swift */,
				13DFD1E81DC290E0004A8C0A /* GitHubEndpointConfiguration.swift */,
				13DA5CFE1DC2793C004FE0EA /* Request.swift */,
				13DA5D071DC27B04004FE0EA /* SearchRequest.swift */,
				13DA5D091DC27BF3004FE0EA /* SearchUserRequest.swift */,
				13DA5D0B1DC27D1E004FE0EA /* SearchRepositoryRequest.swift */,
			);
			path = api;
			sourceTree = "<group>";
		};
		13DA5D001DC27996004FE0EA /* view */ = {
			isa = PBXGroup;
			children = (
				132162221DC276040006F77E /* Main.storyboard */,
				13DA5D011DC279BA004FE0EA /* AbstractViewController.swift */,
			);
			path = view;
			sourceTree = "<group>";
		};
		70EF02863345097EB2C2A0E3 /* Frameworks */ = {
			isa = PBXGroup;
			children = (
				CF607FE3C424B90385017A07 /* Pods_githubber.framework */,
				2BB099887068E8EC1A0AE453 /* Pods_githubberTests.framework */,
				D33F91B85F9289E531364B86 /* Pods_githubberUITests.framework */,
			);
			name = Frameworks;
			sourceTree = "<group>";
		};
		8CA51DC05B49E86164D56778 /* Pods */ = {
			isa = PBXGroup;
			children = (
				DE78D5192E9EB6622493740E /* Pods-githubber.debug.xcconfig */,
				E8B131425BB7A06EB3B5AD1B /* Pods-githubber.release.xcconfig */,
				EFCB5B367A15E6C3B2C4BD22 /* Pods-githubberTests.debug.xcconfig */,
				84FE50D00B7941A6B209AB72 /* Pods-githubberTests.release.xcconfig */,
				F2E61B55EF7511D0F51182A7 /* Pods-githubberUITests.debug.xcconfig */,
				D8562024DF6CC14018FC62B0 /* Pods-githubberUITests.release.xcconfig */,
			);
			name = Pods;
			sourceTree = "<group>";
		};
/* End PBXGroup section */

/* Begin PBXNativeTarget section */
		1321621A1DC276040006F77E /* githubber */ = {
			isa = PBXNativeTarget;
			buildConfigurationList = 132162431DC276040006F77E /* Build configuration list for PBXNativeTarget "githubber" */;
			buildPhases = (
				FF352EEC9A3B82D8821758E2 /* [CP] Check Pods Manifest.lock */,
				132162171DC276040006F77E /* Sources */,
				132162181DC276040006F77E /* Frameworks */,
				132162191DC276040006F77E /* Resources */,
				1BD546D9D964D7BAE7AC8827 /* [CP] Embed Pods Frameworks */,
				EC8FC2D556292B38A2CC6F84 /* [CP] Copy Pods Resources */,
			);
			buildRules = (
			);
			dependencies = (
			);
			name = githubber;
			productName = githubber;
			productReference = 1321621B1DC276040006F77E /* githubber.app */;
			productType = "com.apple.product-type.application";
		};
		1321622E1DC276040006F77E /* githubberTests */ = {
			isa = PBXNativeTarget;
			buildConfigurationList = 132162461DC276040006F77E /* Build configuration list for PBXNativeTarget "githubberTests" */;
			buildPhases = (
				B723D6AB41672EDC1B04F112 /* [CP] Check Pods Manifest.lock */,
				1321622B1DC276040006F77E /* Sources */,
				1321622C1DC276040006F77E /* Frameworks */,
				1321622D1DC276040006F77E /* Resources */,
				6DBADC9C541EFCFF219E7CAA /* [CP] Embed Pods Frameworks */,
				D0A1352C196875A2B46B9D10 /* [CP] Copy Pods Resources */,
			);
			buildRules = (
			);
			dependencies = (
				132162311DC276040006F77E /* PBXTargetDependency */,
			);
			name = githubberTests;
			productName = githubberTests;
			productReference = 1321622F1DC276040006F77E /* githubberTests.xctest */;
			productType = "com.apple.product-type.bundle.unit-test";
		};
		132162391DC276040006F77E /* githubberUITests */ = {
			isa = PBXNativeTarget;
			buildConfigurationList = 132162491DC276040006F77E /* Build configuration list for PBXNativeTarget "githubberUITests" */;
			buildPhases = (
				838C907E7F797F2180787C47 /* [CP] Check Pods Manifest.lock */,
				132162361DC276040006F77E /* Sources */,
				132162371DC276040006F77E /* Frameworks */,
				132162381DC276040006F77E /* Resources */,
				676A48435BDF443964C5B67F /* [CP] Embed Pods Frameworks */,
				594418AE11E02B3A3612B81A /* [CP] Copy Pods Resources */,
			);
			buildRules = (
			);
			dependencies = (
				1321623C1DC276040006F77E /* PBXTargetDependency */,
			);
			name = githubberUITests;
			productName = githubberUITests;
			productReference = 1321623A1DC276040006F77E /* githubberUITests.xctest */;
			productType = "com.apple.product-type.bundle.ui-testing";
		};
/* End PBXNativeTarget section */

/* Begin PBXProject section */
		132162131DC276030006F77E /* Project object */ = {
			isa = PBXProject;
			attributes = {
				LastSwiftUpdateCheck = 0800;
				LastUpgradeCheck = 0800;
				ORGANIZATIONNAME = "Piotr Żużel";
				TargetAttributes = {
					1321621A1DC276040006F77E = {
						CreatedOnToolsVersion = 8.0;
						DevelopmentTeam = MRD93K7QFW;
						ProvisioningStyle = Automatic;
					};
					1321622E1DC276040006F77E = {
						CreatedOnToolsVersion = 8.0;
						DevelopmentTeam = MRD93K7QFW;
						ProvisioningStyle = Automatic;
						TestTargetID = 1321621A1DC276040006F77E;
					};
					132162391DC276040006F77E = {
						CreatedOnToolsVersion = 8.0;
						DevelopmentTeam = MRD93K7QFW;
						ProvisioningStyle = Automatic;
						TestTargetID = 1321621A1DC276040006F77E;
					};
				};
			};
			buildConfigurationList = 132162161DC276030006F77E /* Build configuration list for PBXProject "githubber" */;
			compatibilityVersion = "Xcode 3.2";
			developmentRegion = English;
			hasScannedForEncodings = 0;
			knownRegions = (
				en,
				Base,
			);
			mainGroup = 132162121DC276030006F77E;
			productRefGroup = 1321621C1DC276040006F77E /* Products */;
			projectDirPath = "";
			projectRoot = "";
			targets = (
				1321621A1DC276040006F77E /* githubber */,
				1321622E1DC276040006F77E /* githubberTests */,
				132162391DC276040006F77E /* githubberUITests */,
			);
		};
/* End PBXProject section */

/* Begin PBXResourcesBuildPhase section */
		132162191DC276040006F77E /* Resources */ = {
			isa = PBXResourcesBuildPhase;
			buildActionMask = 2147483647;
			files = (
				132162291DC276040006F77E /* LaunchScreen.storyboard in Resources */,
				132162261DC276040006F77E /* Assets.xcassets in Resources */,
				132162241DC276040006F77E /* Main.storyboard in Resources */,
			);
			runOnlyForDeploymentPostprocessing = 0;
		};
		1321622D1DC276040006F77E /* Resources */ = {
			isa = PBXResourcesBuildPhase;
			buildActionMask = 2147483647;
			files = (
			);
			runOnlyForDeploymentPostprocessing = 0;
		};
		132162381DC276040006F77E /* Resources */ = {
			isa = PBXResourcesBuildPhase;
			buildActionMask = 2147483647;
			files = (
			);
			runOnlyForDeploymentPostprocessing = 0;
		};
/* End PBXResourcesBuildPhase section */

/* Begin PBXShellScriptBuildPhase section */
		1BD546D9D964D7BAE7AC8827 /* [CP] Embed Pods Frameworks */ = {
			isa = PBXShellScriptBuildPhase;
			buildActionMask = 2147483647;
			files = (
			);
			inputPaths = (
			);
			name = "[CP] Embed Pods Frameworks";
			outputPaths = (
			);
			runOnlyForDeploymentPostprocessing = 0;
			shellPath = /bin/sh;
			shellScript = "\"${SRCROOT}/Pods/Target Support Files/Pods-githubber/Pods-githubber-frameworks.sh\"\n";
			showEnvVarsInLog = 0;
		};
		594418AE11E02B3A3612B81A /* [CP] Copy Pods Resources */ = {
			isa = PBXShellScriptBuildPhase;
			buildActionMask = 2147483647;
			files = (
			);
			inputPaths = (
			);
			name = "[CP] Copy Pods Resources";
			outputPaths = (
			);
			runOnlyForDeploymentPostprocessing = 0;
			shellPath = /bin/sh;
			shellScript = "\"${SRCROOT}/Pods/Target Support Files/Pods-githubberUITests/Pods-githubberUITests-resources.sh\"\n";
			showEnvVarsInLog = 0;
		};
		676A48435BDF443964C5B67F /* [CP] Embed Pods Frameworks */ = {
			isa = PBXShellScriptBuildPhase;
			buildActionMask = 2147483647;
			files = (
			);
			inputPaths = (
			);
			name = "[CP] Embed Pods Frameworks";
			outputPaths = (
			);
			runOnlyForDeploymentPostprocessing = 0;
			shellPath = /bin/sh;
			shellScript = "\"${SRCROOT}/Pods/Target Support Files/Pods-githubberUITests/Pods-githubberUITests-frameworks.sh\"\n";
			showEnvVarsInLog = 0;
		};
		6DBADC9C541EFCFF219E7CAA /* [CP] Embed Pods Frameworks */ = {
			isa = PBXShellScriptBuildPhase;
			buildActionMask = 2147483647;
			files = (
			);
			inputPaths = (
			);
			name = "[CP] Embed Pods Frameworks";
			outputPaths = (
			);
			runOnlyForDeploymentPostprocessing = 0;
			shellPath = /bin/sh;
			shellScript = "\"${SRCROOT}/Pods/Target Support Files/Pods-githubberTests/Pods-githubberTests-frameworks.sh\"\n";
			showEnvVarsInLog = 0;
		};
		838C907E7F797F2180787C47 /* [CP] Check Pods Manifest.lock */ = {
			isa = PBXShellScriptBuildPhase;
			buildActionMask = 2147483647;
			files = (
			);
			inputPaths = (
			);
			name = "[CP] Check Pods Manifest.lock";
			outputPaths = (
			);
			runOnlyForDeploymentPostprocessing = 0;
			shellPath = /bin/sh;
			shellScript = "diff \"${PODS_ROOT}/../Podfile.lock\" \"${PODS_ROOT}/Manifest.lock\" > /dev/null\nif [ $? != 0 ] ; then\n    # print error to STDERR\n    echo \"error: The sandbox is not in sync with the Podfile.lock. Run 'pod install' or update your CocoaPods installation.\" >&2\n    exit 1\nfi\n";
			showEnvVarsInLog = 0;
		};
		B723D6AB41672EDC1B04F112 /* [CP] Check Pods Manifest.lock */ = {
			isa = PBXShellScriptBuildPhase;
			buildActionMask = 2147483647;
			files = (
			);
			inputPaths = (
			);
			name = "[CP] Check Pods Manifest.lock";
			outputPaths = (
			);
			runOnlyForDeploymentPostprocessing = 0;
			shellPath = /bin/sh;
			shellScript = "diff \"${PODS_ROOT}/../Podfile.lock\" \"${PODS_ROOT}/Manifest.lock\" > /dev/null\nif [ $? != 0 ] ; then\n    # print error to STDERR\n    echo \"error: The sandbox is not in sync with the Podfile.lock. Run 'pod install' or update your CocoaPods installation.\" >&2\n    exit 1\nfi\n";
			showEnvVarsInLog = 0;
		};
		D0A1352C196875A2B46B9D10 /* [CP] Copy Pods Resources */ = {
			isa = PBXShellScriptBuildPhase;
			buildActionMask = 2147483647;
			files = (
			);
			inputPaths = (
			);
			name = "[CP] Copy Pods Resources";
			outputPaths = (
			);
			runOnlyForDeploymentPostprocessing = 0;
			shellPath = /bin/sh;
			shellScript = "\"${SRCROOT}/Pods/Target Support Files/Pods-githubberTests/Pods-githubberTests-resources.sh\"\n";
			showEnvVarsInLog = 0;
		};
		EC8FC2D556292B38A2CC6F84 /* [CP] Copy Pods Resources */ = {
			isa = PBXShellScriptBuildPhase;
			buildActionMask = 2147483647;
			files = (
			);
			inputPaths = (
			);
			name = "[CP] Copy Pods Resources";
			outputPaths = (
			);
			runOnlyForDeploymentPostprocessing = 0;
			shellPath = /bin/sh;
			shellScript = "\"${SRCROOT}/Pods/Target Support Files/Pods-githubber/Pods-githubber-resources.sh\"\n";
			showEnvVarsInLog = 0;
		};
		FF352EEC9A3B82D8821758E2 /* [CP] Check Pods Manifest.lock */ = {
			isa = PBXShellScriptBuildPhase;
			buildActionMask = 2147483647;
			files = (
			);
			inputPaths = (
			);
			name = "[CP] Check Pods Manifest.lock";
			outputPaths = (
			);
			runOnlyForDeploymentPostprocessing = 0;
			shellPath = /bin/sh;
			shellScript = "diff \"${PODS_ROOT}/../Podfile.lock\" \"${PODS_ROOT}/Manifest.lock\" > /dev/null\nif [ $? != 0 ] ; then\n    # print error to STDERR\n    echo \"error: The sandbox is not in sync with the Podfile.lock. Run 'pod install' or update your CocoaPods installation.\" >&2\n    exit 1\nfi\n";
			showEnvVarsInLog = 0;
		};
/* End PBXShellScriptBuildPhase section */

/* Begin PBXSourcesBuildPhase section */
		132162171DC276040006F77E /* Sources */ = {
			isa = PBXSourcesBuildPhase;
			buildActionMask = 2147483647;
			files = (
				13DA5CFD1DC27907004FE0EA /* GitHubObject.swift in Sources */,
				13DA5D081DC27B04004FE0EA /* SearchRequest.swift in Sources */,
				13DFD1E91DC290E0004A8C0A /* GitHubEndpointConfiguration.swift in Sources */,
				13DA5D021DC279BA004FE0EA /* AbstractViewController.swift in Sources */,
				13DA5D061DC27A9D004FE0EA /* HTTPClient.swift in Sources */,
				13DA5CFF1DC2793C004FE0EA /* Request.swift in Sources */,
				13DFD1EB1DC291A1004A8C0A /* EndpointConfiguration.swift in Sources */,
				13DA5D0E1DC28133004FE0EA /* User.swift in Sources */,
				1321621F1DC276040006F77E /* AppDelegate.swift in Sources */,
				13DA5D0A1DC27BF3004FE0EA /* SearchUserRequest.swift in Sources */,
				13DA5D0C1DC27D1E004FE0EA /* SearchRepositoryRequest.swift in Sources */,
			);
			runOnlyForDeploymentPostprocessing = 0;
		};
		1321622B1DC276040006F77E /* Sources */ = {
			isa = PBXSourcesBuildPhase;
			buildActionMask = 2147483647;
			files = (
				132162341DC276040006F77E /* githubberTests.swift in Sources */,
			);
			runOnlyForDeploymentPostprocessing = 0;
		};
		132162361DC276040006F77E /* Sources */ = {
			isa = PBXSourcesBuildPhase;
			buildActionMask = 2147483647;
			files = (
				1321623F1DC276040006F77E /* githubberUITests.swift in Sources */,
			);
			runOnlyForDeploymentPostprocessing = 0;
		};
/* End PBXSourcesBuildPhase section */

/* Begin PBXTargetDependency section */
		132162311DC276040006F77E /* PBXTargetDependency */ = {
			isa = PBXTargetDependency;
			target = 1321621A1DC276040006F77E /* githubber */;
			targetProxy = 132162301DC276040006F77E /* PBXContainerItemProxy */;
		};
		1321623C1DC276040006F77E /* PBXTargetDependency */ = {
			isa = PBXTargetDependency;
			target = 1321621A1DC276040006F77E /* githubber */;
			targetProxy = 1321623B1DC276040006F77E /* PBXContainerItemProxy */;
		};
/* End PBXTargetDependency section */

/* Begin PBXVariantGroup section */
		132162221DC276040006F77E /* Main.storyboard */ = {
			isa = PBXVariantGroup;
			children = (
				132162231DC276040006F77E /* Base */,
			);
			name = Main.storyboard;
			path = ..;
			sourceTree = "<group>";
		};
		132162271DC276040006F77E /* LaunchScreen.storyboard */ = {
			isa = PBXVariantGroup;
			children = (
				132162281DC276040006F77E /* Base */,
			);
			name = LaunchScreen.storyboard;
			sourceTree = "<group>";
		};
/* End PBXVariantGroup section */

/* Begin XCBuildConfiguration section */
		132162411DC276040006F77E /* Debug */ = {
			isa = XCBuildConfiguration;
			buildSettings = {
				ALWAYS_SEARCH_USER_PATHS = NO;
				CLANG_ANALYZER_NONNULL = YES;
				CLANG_CXX_LANGUAGE_STANDARD = "gnu++0x";
				CLANG_CXX_LIBRARY = "libc++";
				CLANG_ENABLE_MODULES = YES;
				CLANG_ENABLE_OBJC_ARC = YES;
				CLANG_WARN_BOOL_CONVERSION = YES;
				CLANG_WARN_CONSTANT_CONVERSION = YES;
				CLANG_WARN_DIRECT_OBJC_ISA_USAGE = YES_ERROR;
				CLANG_WARN_DOCUMENTATION_COMMENTS = YES;
				CLANG_WARN_EMPTY_BODY = YES;
				CLANG_WARN_ENUM_CONVERSION = YES;
				CLANG_WARN_INFINITE_RECURSION = YES;
				CLANG_WARN_INT_CONVERSION = YES;
				CLANG_WARN_OBJC_ROOT_CLASS = YES_ERROR;
				CLANG_WARN_SUSPICIOUS_MOVE = YES;
				CLANG_WARN_SUSPICIOUS_MOVES = YES;
				CLANG_WARN_UNREACHABLE_CODE = YES;
				CLANG_WARN__DUPLICATE_METHOD_MATCH = YES;
				"CODE_SIGN_IDENTITY[sdk=iphoneos*]" = "iPhone Developer";
				COPY_PHASE_STRIP = NO;
				DEBUG_INFORMATION_FORMAT = dwarf;
				ENABLE_STRICT_OBJC_MSGSEND = YES;
				ENABLE_TESTABILITY = YES;
				GCC_C_LANGUAGE_STANDARD = gnu99;
				GCC_DYNAMIC_NO_PIC = NO;
				GCC_NO_COMMON_BLOCKS = YES;
				GCC_OPTIMIZATION_LEVEL = 0;
				GCC_PREPROCESSOR_DEFINITIONS = (
					"DEBUG=1",
					"$(inherited)",
				);
				GCC_WARN_64_TO_32_BIT_CONVERSION = YES;
				GCC_WARN_ABOUT_RETURN_TYPE = YES_ERROR;
				GCC_WARN_UNDECLARED_SELECTOR = YES;
				GCC_WARN_UNINITIALIZED_AUTOS = YES_AGGRESSIVE;
				GCC_WARN_UNUSED_FUNCTION = YES;
				GCC_WARN_UNUSED_VARIABLE = YES;
				IPHONEOS_DEPLOYMENT_TARGET = 10.0;
				MTL_ENABLE_DEBUG_INFO = YES;
				ONLY_ACTIVE_ARCH = YES;
				SDKROOT = iphoneos;
				SWIFT_ACTIVE_COMPILATION_CONDITIONS = DEBUG;
				SWIFT_OPTIMIZATION_LEVEL = "-Onone";
			};
			name = Debug;
		};
		132162421DC276040006F77E /* Release */ = {
			isa = XCBuildConfiguration;
			buildSettings = {
				ALWAYS_SEARCH_USER_PATHS = NO;
				CLANG_ANALYZER_NONNULL = YES;
				CLANG_CXX_LANGUAGE_STANDARD = "gnu++0x";
				CLANG_CXX_LIBRARY = "libc++";
				CLANG_ENABLE_MODULES = YES;
				CLANG_ENABLE_OBJC_ARC = YES;
				CLANG_WARN_BOOL_CONVERSION = YES;
				CLANG_WARN_CONSTANT_CONVERSION = YES;
				CLANG_WARN_DIRECT_OBJC_ISA_USAGE = YES_ERROR;
				CLANG_WARN_DOCUMENTATION_COMMENTS = YES;
				CLANG_WARN_EMPTY_BODY = YES;
				CLANG_WARN_ENUM_CONVERSION = YES;
				CLANG_WARN_INFINITE_RECURSION = YES;
				CLANG_WARN_INT_CONVERSION = YES;
				CLANG_WARN_OBJC_ROOT_CLASS = YES_ERROR;
				CLANG_WARN_SUSPICIOUS_MOVE = YES;
				CLANG_WARN_SUSPICIOUS_MOVES = YES;
				CLANG_WARN_UNREACHABLE_CODE = YES;
				CLANG_WARN__DUPLICATE_METHOD_MATCH = YES;
				"CODE_SIGN_IDENTITY[sdk=iphoneos*]" = "iPhone Developer";
				COPY_PHASE_STRIP = NO;
				DEBUG_INFORMATION_FORMAT = "dwarf-with-dsym";
				ENABLE_NS_ASSERTIONS = NO;
				ENABLE_STRICT_OBJC_MSGSEND = YES;
				GCC_C_LANGUAGE_STANDARD = gnu99;
				GCC_NO_COMMON_BLOCKS = YES;
				GCC_WARN_64_TO_32_BIT_CONVERSION = YES;
				GCC_WARN_ABOUT_RETURN_TYPE = YES_ERROR;
				GCC_WARN_UNDECLARED_SELECTOR = YES;
				GCC_WARN_UNINITIALIZED_AUTOS = YES_AGGRESSIVE;
				GCC_WARN_UNUSED_FUNCTION = YES;
				GCC_WARN_UNUSED_VARIABLE = YES;
				IPHONEOS_DEPLOYMENT_TARGET = 10.0;
				MTL_ENABLE_DEBUG_INFO = NO;
				SDKROOT = iphoneos;
				SWIFT_OPTIMIZATION_LEVEL = "-Owholemodule";
				VALIDATE_PRODUCT = YES;
			};
			name = Release;
		};
		132162441DC276040006F77E /* Debug */ = {
			isa = XCBuildConfiguration;
			baseConfigurationReference = DE78D5192E9EB6622493740E /* Pods-githubber.debug.xcconfig */;
			buildSettings = {
				ASSETCATALOG_COMPILER_APPICON_NAME = AppIcon;
				DEVELOPMENT_TEAM = MRD93K7QFW;
				INFOPLIST_FILE = githubber/Info.plist;
				LD_RUNPATH_SEARCH_PATHS = "$(inherited) @executable_path/Frameworks";
				PRODUCT_BUNDLE_IDENTIFIER = pl.piotrzuzel.githubber;
				PRODUCT_NAME = "$(TARGET_NAME)";
				SWIFT_VERSION = 3.0;
			};
			name = Debug;
		};
		132162451DC276040006F77E /* Release */ = {
			isa = XCBuildConfiguration;
			baseConfigurationReference = E8B131425BB7A06EB3B5AD1B /* Pods-githubber.release.xcconfig */;
			buildSettings = {
				ASSETCATALOG_COMPILER_APPICON_NAME = AppIcon;
				DEVELOPMENT_TEAM = MRD93K7QFW;
				INFOPLIST_FILE = githubber/Info.plist;
				LD_RUNPATH_SEARCH_PATHS = "$(inherited) @executable_path/Frameworks";
				PRODUCT_BUNDLE_IDENTIFIER = pl.piotrzuzel.githubber;
				PRODUCT_NAME = "$(TARGET_NAME)";
				SWIFT_VERSION = 3.0;
			};
			name = Release;
		};
		132162471DC276040006F77E /* Debug */ = {
			isa = XCBuildConfiguration;
			baseConfigurationReference = EFCB5B367A15E6C3B2C4BD22 /* Pods-githubberTests.debug.xcconfig */;
			buildSettings = {
				ALWAYS_EMBED_SWIFT_STANDARD_LIBRARIES = YES;
				BUNDLE_LOADER = "$(TEST_HOST)";
				DEVELOPMENT_TEAM = MRD93K7QFW;
				INFOPLIST_FILE = githubberTests/Info.plist;
				LD_RUNPATH_SEARCH_PATHS = "$(inherited) @executable_path/Frameworks @loader_path/Frameworks";
				PRODUCT_BUNDLE_IDENTIFIER = pl.piotrzuzel.githubberTests;
				PRODUCT_NAME = "$(TARGET_NAME)";
				SWIFT_VERSION = 3.0;
				TEST_HOST = "$(BUILT_PRODUCTS_DIR)/githubber.app/githubber";
			};
			name = Debug;
		};
		132162481DC276040006F77E /* Release */ = {
			isa = XCBuildConfiguration;
			baseConfigurationReference = 84FE50D00B7941A6B209AB72 /* Pods-githubberTests.release.xcconfig */;
			buildSettings = {
				ALWAYS_EMBED_SWIFT_STANDARD_LIBRARIES = YES;
				BUNDLE_LOADER = "$(TEST_HOST)";
				DEVELOPMENT_TEAM = MRD93K7QFW;
				INFOPLIST_FILE = githubberTests/Info.plist;
				LD_RUNPATH_SEARCH_PATHS = "$(inherited) @executable_path/Frameworks @loader_path/Frameworks";
				PRODUCT_BUNDLE_IDENTIFIER = pl.piotrzuzel.githubberTests;
				PRODUCT_NAME = "$(TARGET_NAME)";
				SWIFT_VERSION = 3.0;
				TEST_HOST = "$(BUILT_PRODUCTS_DIR)/githubber.app/githubber";
			};
			name = Release;
		};
		1321624A1DC276040006F77E /* Debug */ = {
			isa = XCBuildConfiguration;
			baseConfigurationReference = F2E61B55EF7511D0F51182A7 /* Pods-githubberUITests.debug.xcconfig */;
			buildSettings = {
				ALWAYS_EMBED_SWIFT_STANDARD_LIBRARIES = YES;
				DEVELOPMENT_TEAM = MRD93K7QFW;
				INFOPLIST_FILE = githubberUITests/Info.plist;
				LD_RUNPATH_SEARCH_PATHS = "$(inherited) @executable_path/Frameworks @loader_path/Frameworks";
				PRODUCT_BUNDLE_IDENTIFIER = pl.piotrzuzel.githubberUITests;
				PRODUCT_NAME = "$(TARGET_NAME)";
				SWIFT_VERSION = 3.0;
				TEST_TARGET_NAME = githubber;
			};
			name = Debug;
		};
		1321624B1DC276040006F77E /* Release */ = {
			isa = XCBuildConfiguration;
			baseConfigurationReference = D8562024DF6CC14018FC62B0 /* Pods-githubberUITests.release.xcconfig */;
			buildSettings = {
				ALWAYS_EMBED_SWIFT_STANDARD_LIBRARIES = YES;
				DEVELOPMENT_TEAM = MRD93K7QFW;
				INFOPLIST_FILE = githubberUITests/Info.plist;
				LD_RUNPATH_SEARCH_PATHS = "$(inherited) @executable_path/Frameworks @loader_path/Frameworks";
				PRODUCT_BUNDLE_IDENTIFIER = pl.piotrzuzel.githubberUITests;
				PRODUCT_NAME = "$(TARGET_NAME)";
				SWIFT_VERSION = 3.0;
				TEST_TARGET_NAME = githubber;
			};
			name = Release;
		};
/* End XCBuildConfiguration section */

/* Begin XCConfigurationList section */
		132162161DC276030006F77E /* Build configuration list for PBXProject "githubber" */ = {
			isa = XCConfigurationList;
			buildConfigurations = (
				132162411DC276040006F77E /* Debug */,
				132162421DC276040006F77E /* Release */,
			);
			defaultConfigurationIsVisible = 0;
			defaultConfigurationName = Release;
		};
		132162431DC276040006F77E /* Build configuration list for PBXNativeTarget "githubber" */ = {
			isa = XCConfigurationList;
			buildConfigurations = (
				132162441DC276040006F77E /* Debug */,
				132162451DC276040006F77E /* Release */,
			);
			defaultConfigurationIsVisible = 0;
			defaultConfigurationName = Release;
		};
		132162461DC276040006F77E /* Build configuration list for PBXNativeTarget "githubberTests" */ = {
			isa = XCConfigurationList;
			buildConfigurations = (
				132162471DC276040006F77E /* Debug */,
				132162481DC276040006F77E /* Release */,
			);
			defaultConfigurationIsVisible = 0;
			defaultConfigurationName = Release;
		};
		132162491DC276040006F77E /* Build configuration list for PBXNativeTarget "githubberUITests" */ = {
			isa = XCConfigurationList;
			buildConfigurations = (
				1321624A1DC276040006F77E /* Debug */,
				1321624B1DC276040006F77E /* Release */,
			);
			defaultConfigurationIsVisible = 0;
			defaultConfigurationName = Release;
		};
/* End XCConfigurationList section */
	};
	rootObject = 132162131DC276030006F77E /* Project object */;
}
